
Microsoft Visual Studio Solution File, Format Version 12.00
# Visual Studio Version 16
VisualStudioVersion = 16.0.30503.244
MinimumVisualStudioVersion = 10.0.40219.1
Project("{9A19103F-16F7-4668-BE54-9A1E7A4F7556}") = "RxConfTimer.Server", "RxConfTimer\Server\RxConfTimer.Server.csproj", "{6A7057F3-908D-45F7-BB9F-3158A2F48203}"
EndProject
Project("{9A19103F-16F7-4668-BE54-9A1E7A4F7556}") = "RxConfTimer.Client", "RxConfTimer\Client\RxConfTimer.Client.csproj", "{B27820E8-0A24-48C4-A302-1D015E50BF9C}"
EndProject
Project("{9A19103F-16F7-4668-BE54-9A1E7A4F7556}") = "RxConfTimer.Shared", "RxConfTimer\Shared\RxConfTimer.Shared.csproj", "{7BAAC00D-801C-4A15-B870-6CAF9B847ECE}"
EndProject
Global
	GlobalSection(SolutionConfigurationPlatforms) = preSolution
		Debug|Any CPU = Debug|Any CPU
		Release|Any CPU = Release|Any CPU
	EndGlobalSection
	GlobalSection(ProjectConfigurationPlatforms) = postSolution
		{6A7057F3-908D-45F7-BB9F-3158A2F48203}.Debug|Any CPU.ActiveCfg = Debug|Any CPU
		{6A7057F3-908D-45F7-BB9F-3158A2F48203}.Debug|Any CPU.Build.0 = Debug|Any CPU
		{6A7057F3-908D-45F7-BB9F-3158A2F48203}.Release|Any CPU.ActiveCfg = Release|Any CPU
		{6A7057F3-908D-45F7-BB9F-3158A2F48203}.Release|Any CPU.Build.0 = Release|Any CPU
		{B27820E8-0A24-48C4-A302-1D015E50BF9C}.Debug|Any CPU.ActiveCfg = Debug|Any CPU
		{B27820E8-0A24-48C4-A302-1D015E50BF9C}.Debug|Any CPU.Build.0 = Debug|Any CPU
		{B27820E8-0A24-48C4-A302-1D015E50BF9C}.Release|Any CPU.ActiveCfg = Release|Any CPU
		{B27820E8-0A24-48C4-A302-1D015E50BF9C}.Release|Any CPU.Build.0 = Release|Any CPU
		{7BAAC00D-801C-4A15-B870-6CAF9B847ECE}.Debug|Any CPU.ActiveCfg = Debug|Any CPU
		{7BAAC00D-801C-4A15-B870-6CAF9B847ECE}.Debug|Any CPU.Build.0 = Debug|Any CPU
		{7BAAC00D-801C-4A15-B870-6CAF9B847ECE}.Release|Any CPU.ActiveCfg = Release|Any CPU
		{7BAAC00D-801C-4A15-B870-6CAF9B847ECE}.Release|Any CPU.Build.0 = Release|Any CPU
	EndGlobalSection
	GlobalSection(SolutionProperties) = preSolution
		HideSolutionNode = FALSE
	EndGlobalSection
	GlobalSection(ExtensibilityGlobals) = postSolution
		SolutionGuid = {A8DCEFA3-5022-4FA4-9EB7-B348C4A5FBA1}
	EndGlobalSection
EndGlobal
